// !$*UTF8*$!
{
	archiveVersion = 1;
	classes = {
	};
	objectVersion = 50;
	objects = {

/* Begin PBXBuildFile section */
		A5087E18259A7B9E005D391A /* UserGroupsVC.swift in Sources */ = {isa = PBXBuildFile; fileRef = A5087E17259A7B9E005D391A /* UserGroupsVC.swift */; };
		A5087E1B259A7BFF005D391A /* GroupsGlobalSearchVC.swift in Sources */ = {isa = PBXBuildFile; fileRef = A5087E1A259A7BFF005D391A /* GroupsGlobalSearchVC.swift */; };
		A5087E1E259A7C25005D391A /* UserFriendsVC.swift in Sources */ = {isa = PBXBuildFile; fileRef = A5087E1D259A7C25005D391A /* UserFriendsVC.swift */; };
		A5087E21259A7CB3005D391A /* FriendDetailVC.swift in Sources */ = {isa = PBXBuildFile; fileRef = A5087E20259A7CB3005D391A /* FriendDetailVC.swift */; };
		A5087E24259A7DA9005D391A /* UserFriends.storyboard in Resources */ = {isa = PBXBuildFile; fileRef = A5087E23259A7DA9005D391A /* UserFriends.storyboard */; };
		A5087E27259A7DBA005D391A /* UserGroups.storyboard in Resources */ = {isa = PBXBuildFile; fileRef = A5087E26259A7DBA005D391A /* UserGroups.storyboard */; };
		A5087E2D259A8005005D391A /* Main.storyboard in Resources */ = {isa = PBXBuildFile; fileRef = A5087E2C259A8005005D391A /* Main.storyboard */; };
		A5087E35259A8518005D391A /* FriendDetail.storyboard in Resources */ = {isa = PBXBuildFile; fileRef = A5087E34259A8518005D391A /* FriendDetail.storyboard */; };
		A5087E3A259A862A005D391A /* GroupsGlobalSearch.storyboard in Resources */ = {isa = PBXBuildFile; fileRef = A5087E39259A862A005D391A /* GroupsGlobalSearch.storyboard */; };
		A518F5BE25A52B7C00F38104 /* TableVCExtension.swift in Sources */ = {isa = PBXBuildFile; fileRef = A518F5BD25A52B7C00F38104 /* TableVCExtension.swift */; };
		A523CCA425AC972300A81336 /* UserModel.swift in Sources */ = {isa = PBXBuildFile; fileRef = A523CCA325AC972300A81336 /* UserModel.swift */; };
		A523CCA925AC974D00A81336 /* GroupModel.swift in Sources */ = {isa = PBXBuildFile; fileRef = A523CCA825AC974D00A81336 /* GroupModel.swift */; };
		A55B25AA2594A27400676326 /* AppDelegate.swift in Sources */ = {isa = PBXBuildFile; fileRef = A55B25A92594A27400676326 /* AppDelegate.swift */; };
		A55B25AC2594A27400676326 /* SceneDelegate.swift in Sources */ = {isa = PBXBuildFile; fileRef = A55B25AB2594A27400676326 /* SceneDelegate.swift */; };
		A55B25AE2594A27400676326 /* LoginVC.swift in Sources */ = {isa = PBXBuildFile; fileRef = A55B25AD2594A27400676326 /* LoginVC.swift */; };
		A55B25B12594A27400676326 /* Login.storyboard in Resources */ = {isa = PBXBuildFile; fileRef = A55B25AF2594A27400676326 /* Login.storyboard */; };
		A55B25B32594A27700676326 /* Assets.xcassets in Resources */ = {isa = PBXBuildFile; fileRef = A55B25B22594A27700676326 /* Assets.xcassets */; };
		A55B25B62594A27700676326 /* LaunchScreen.storyboard in Resources */ = {isa = PBXBuildFile; fileRef = A55B25B42594A27700676326 /* LaunchScreen.storyboard */; };
		A58CA165259B41F6006C5723 /* UserFriendsCell.swift in Sources */ = {isa = PBXBuildFile; fileRef = A58CA164259B41F6006C5723 /* UserFriendsCell.swift */; };
		A591A33C25AF899B00E9C8C9 /* HEXColorExtension.swift in Sources */ = {isa = PBXBuildFile; fileRef = A591A33B25AF899B00E9C8C9 /* HEXColorExtension.swift */; };
		A591A34125B0AC1800E9C8C9 /* CustomTextField.swift in Sources */ = {isa = PBXBuildFile; fileRef = A591A34025B0AC1800E9C8C9 /* CustomTextField.swift */; };
		A591A34625B0C06900E9C8C9 /* Utilities.swift in Sources */ = {isa = PBXBuildFile; fileRef = A591A34525B0C06900E9C8C9 /* Utilities.swift */; };
		A592F5D325A3B17400723C68 /* FriendDetailCollection.swift in Sources */ = {isa = PBXBuildFile; fileRef = A592F5D225A3B17400723C68 /* FriendDetailCollection.swift */; };
		A592F5DA25A4942A00723C68 /* GlobalGroupCell.swift in Sources */ = {isa = PBXBuildFile; fileRef = A592F5D925A4942A00723C68 /* GlobalGroupCell.swift */; };
		A592F5E025A51D8F00723C68 /* UserGroupCell.swift in Sources */ = {isa = PBXBuildFile; fileRef = A592F5DF25A51D8F00723C68 /* UserGroupCell.swift */; };
		A5EBD83725B2D63E00DE7E2C /* CharacterPicker.swift in Sources */ = {isa = PBXBuildFile; fileRef = A5EBD83625B2D63E00DE7E2C /* CharacterPicker.swift */; };
		A5EBD83E25B477F800DE7E2C /* ShadowImageView.swift in Sources */ = {isa = PBXBuildFile; fileRef = A5EBD83D25B477F800DE7E2C /* ShadowImageView.swift */; };
		A5EBD84125B4819900DE7E2C /* LikeControlPanel.swift in Sources */ = {isa = PBXBuildFile; fileRef = A5EBD84025B4819900DE7E2C /* LikeControlPanel.swift */; };
/* End PBXBuildFile section */

/* Begin PBXFileReference section */
		A5087E17259A7B9E005D391A /* UserGroupsVC.swift */ = {isa = PBXFileReference; lastKnownFileType = sourcecode.swift; path = UserGroupsVC.swift; sourceTree = "<group>"; };
		A5087E1A259A7BFF005D391A /* GroupsGlobalSearchVC.swift */ = {isa = PBXFileReference; lastKnownFileType = sourcecode.swift; path = GroupsGlobalSearchVC.swift; sourceTree = "<group>"; };
		A5087E1D259A7C25005D391A /* UserFriendsVC.swift */ = {isa = PBXFileReference; lastKnownFileType = sourcecode.swift; path = UserFriendsVC.swift; sourceTree = "<group>"; };
		A5087E20259A7CB3005D391A /* FriendDetailVC.swift */ = {isa = PBXFileReference; lastKnownFileType = sourcecode.swift; path = FriendDetailVC.swift; sourceTree = "<group>"; };
		A5087E23259A7DA9005D391A /* UserFriends.storyboard */ = {isa = PBXFileReference; lastKnownFileType = file.storyboard; path = UserFriends.storyboard; sourceTree = "<group>"; };
		A5087E26259A7DBA005D391A /* UserGroups.storyboard */ = {isa = PBXFileReference; lastKnownFileType = file.storyboard; path = UserGroups.storyboard; sourceTree = "<group>"; };
		A5087E2C259A8005005D391A /* Main.storyboard */ = {isa = PBXFileReference; lastKnownFileType = file.storyboard; path = Main.storyboard; sourceTree = "<group>"; };
		A5087E34259A8518005D391A /* FriendDetail.storyboard */ = {isa = PBXFileReference; lastKnownFileType = file.storyboard; path = FriendDetail.storyboard; sourceTree = "<group>"; };
		A5087E39259A862A005D391A /* GroupsGlobalSearch.storyboard */ = {isa = PBXFileReference; lastKnownFileType = file.storyboard; path = GroupsGlobalSearch.storyboard; sourceTree = "<group>"; };
		A518F5BD25A52B7C00F38104 /* TableVCExtension.swift */ = {isa = PBXFileReference; lastKnownFileType = sourcecode.swift; path = TableVCExtension.swift; sourceTree = "<group>"; };
		A523CCA325AC972300A81336 /* UserModel.swift */ = {isa = PBXFileReference; lastKnownFileType = sourcecode.swift; path = UserModel.swift; sourceTree = "<group>"; };
		A523CCA825AC974D00A81336 /* GroupModel.swift */ = {isa = PBXFileReference; lastKnownFileType = sourcecode.swift; path = GroupModel.swift; sourceTree = "<group>"; };
		A55B25A62594A27400676326 /* gb_second.app */ = {isa = PBXFileReference; explicitFileType = wrapper.application; includeInIndex = 0; path = gb_second.app; sourceTree = BUILT_PRODUCTS_DIR; };
		A55B25A92594A27400676326 /* AppDelegate.swift */ = {isa = PBXFileReference; lastKnownFileType = sourcecode.swift; path = AppDelegate.swift; sourceTree = "<group>"; };
		A55B25AB2594A27400676326 /* SceneDelegate.swift */ = {isa = PBXFileReference; lastKnownFileType = sourcecode.swift; path = SceneDelegate.swift; sourceTree = "<group>"; };
		A55B25AD2594A27400676326 /* LoginVC.swift */ = {isa = PBXFileReference; lastKnownFileType = sourcecode.swift; path = LoginVC.swift; sourceTree = "<group>"; };
		A55B25B02594A27400676326 /* Base */ = {isa = PBXFileReference; lastKnownFileType = file.storyboard; name = Base; path = Base.lproj/Login.storyboard; sourceTree = "<group>"; };
		A55B25B22594A27700676326 /* Assets.xcassets */ = {isa = PBXFileReference; lastKnownFileType = folder.assetcatalog; path = Assets.xcassets; sourceTree = "<group>"; };
		A55B25B52594A27700676326 /* Base */ = {isa = PBXFileReference; lastKnownFileType = file.storyboard; name = Base; path = Base.lproj/LaunchScreen.storyboard; sourceTree = "<group>"; };
		A55B25B72594A27700676326 /* Info.plist */ = {isa = PBXFileReference; lastKnownFileType = text.plist.xml; path = Info.plist; sourceTree = "<group>"; };
		A58CA164259B41F6006C5723 /* UserFriendsCell.swift */ = {isa = PBXFileReference; lastKnownFileType = sourcecode.swift; path = UserFriendsCell.swift; sourceTree = "<group>"; };
		A591A33B25AF899B00E9C8C9 /* HEXColorExtension.swift */ = {isa = PBXFileReference; lastKnownFileType = sourcecode.swift; path = HEXColorExtension.swift; sourceTree = "<group>"; };
		A591A34025B0AC1800E9C8C9 /* CustomTextField.swift */ = {isa = PBXFileReference; lastKnownFileType = sourcecode.swift; path = CustomTextField.swift; sourceTree = "<group>"; };
		A591A34525B0C06900E9C8C9 /* Utilities.swift */ = {isa = PBXFileReference; lastKnownFileType = sourcecode.swift; path = Utilities.swift; sourceTree = "<group>"; };
		A592F5D225A3B17400723C68 /* FriendDetailCollection.swift */ = {isa = PBXFileReference; lastKnownFileType = sourcecode.swift; path = FriendDetailCollection.swift; sourceTree = "<group>"; };
		A592F5D925A4942A00723C68 /* GlobalGroupCell.swift */ = {isa = PBXFileReference; lastKnownFileType = sourcecode.swift; path = GlobalGroupCell.swift; sourceTree = "<group>"; };
		A592F5DF25A51D8F00723C68 /* UserGroupCell.swift */ = {isa = PBXFileReference; lastKnownFileType = sourcecode.swift; path = UserGroupCell.swift; sourceTree = "<group>"; };
		A5EBD83625B2D63E00DE7E2C /* CharacterPicker.swift */ = {isa = PBXFileReference; lastKnownFileType = sourcecode.swift; path = CharacterPicker.swift; sourceTree = "<group>"; };
		A5EBD83D25B477F800DE7E2C /* ShadowImageView.swift */ = {isa = PBXFileReference; lastKnownFileType = sourcecode.swift; path = ShadowImageView.swift; sourceTree = "<group>"; };
		A5EBD84025B4819900DE7E2C /* LikeControlPanel.swift */ = {isa = PBXFileReference; lastKnownFileType = sourcecode.swift; path = LikeControlPanel.swift; sourceTree = "<group>"; };
/* End PBXFileReference section */

/* Begin PBXFrameworksBuildPhase section */
		A55B25A32594A27400676326 /* Frameworks */ = {
			isa = PBXFrameworksBuildPhase;
			buildActionMask = 2147483647;
			files = (
			);
			runOnlyForDeploymentPostprocessing = 0;
		};
/* End PBXFrameworksBuildPhase section */

/* Begin PBXGroup section */
		A5087E29259A7DF7005D391A /* Groups */ = {
			isa = PBXGroup;
			children = (
				A5087E32259A832E005D391A /* GroupsGlobalSearch */,
				A5087E31259A831A005D391A /* UserGroups */,
			);
			path = Groups;
			sourceTree = "<group>";
		};
		A5087E2A259A7E26005D391A /* Friends */ = {
			isa = PBXGroup;
			children = (
				A5087E30259A82E8005D391A /* FriendDetail */,
				A5087E2F259A82A2005D391A /* UserFriends */,
			);
			path = Friends;
			sourceTree = "<group>";
		};
		A5087E2F259A82A2005D391A /* UserFriends */ = {
			isa = PBXGroup;
			children = (
				A58CA163259B41AE006C5723 /* Cell */,
				A5087E1D259A7C25005D391A /* UserFriendsVC.swift */,
				A5087E23259A7DA9005D391A /* UserFriends.storyboard */,
			);
			path = UserFriends;
			sourceTree = "<group>";
		};
		A5087E30259A82E8005D391A /* FriendDetail */ = {
			isa = PBXGroup;
			children = (
				A592F5D025A3ADE200723C68 /* Collection */,
				A5087E20259A7CB3005D391A /* FriendDetailVC.swift */,
				A5087E34259A8518005D391A /* FriendDetail.storyboard */,
			);
			path = FriendDetail;
			sourceTree = "<group>";
		};
		A5087E31259A831A005D391A /* UserGroups */ = {
			isa = PBXGroup;
			children = (
				A592F5DE25A51D6100723C68 /* Cell */,
				A5087E26259A7DBA005D391A /* UserGroups.storyboard */,
				A5087E17259A7B9E005D391A /* UserGroupsVC.swift */,
			);
			path = UserGroups;
			sourceTree = "<group>";
		};
		A5087E32259A832E005D391A /* GroupsGlobalSearch */ = {
			isa = PBXGroup;
			children = (
				A592F5D825A493D100723C68 /* Cell */,
				A5087E1A259A7BFF005D391A /* GroupsGlobalSearchVC.swift */,
				A5087E39259A862A005D391A /* GroupsGlobalSearch.storyboard */,
			);
			path = GroupsGlobalSearch;
			sourceTree = "<group>";
		};
		A5087E3C259A8670005D391A /* Login */ = {
			isa = PBXGroup;
			children = (
				A55B25AF2594A27400676326 /* Login.storyboard */,
				A55B25AD2594A27400676326 /* LoginVC.swift */,
			);
			path = Login;
			sourceTree = "<group>";
		};
		A518F5BB25A52B5000F38104 /* Extensions */ = {
			isa = PBXGroup;
			children = (
				A591A33A25AF896D00E9C8C9 /* Colors */,
				A518F5BC25A52B5E00F38104 /* TableVC */,
			);
			path = Extensions;
			sourceTree = "<group>";
		};
		A518F5BC25A52B5E00F38104 /* TableVC */ = {
			isa = PBXGroup;
			children = (
				A518F5BD25A52B7C00F38104 /* TableVCExtension.swift */,
			);
			path = TableVC;
			sourceTree = "<group>";
		};
		A523CCA225AC970A00A81336 /* Models */ = {
			isa = PBXGroup;
			children = (
				A523CCA325AC972300A81336 /* UserModel.swift */,
				A523CCA825AC974D00A81336 /* GroupModel.swift */,
			);
			path = Models;
			sourceTree = "<group>";
		};
		A52FD90725AF588E0052F9C6 /* Core */ = {
			isa = PBXGroup;
			children = (
				A591A34425B0C04400E9C8C9 /* Utilities */,
				A518F5BB25A52B5000F38104 /* Extensions */,
				A591A33F25B0ABE500E9C8C9 /* Components */,
				A55B25AB2594A27400676326 /* SceneDelegate.swift */,
				A55B25A92594A27400676326 /* AppDelegate.swift */,
			);
			path = Core;
			sourceTree = "<group>";
		};
		A52FD90925AF58E30052F9C6 /* Screens */ = {
			isa = PBXGroup;
			children = (
				A52FD90A25AF59290052F9C6 /* Launch */,
				A5087E2A259A7E26005D391A /* Friends */,
				A5E20D3F259F808D000C74E5 /* Main */,
				A5087E29259A7DF7005D391A /* Groups */,
				A5087E3C259A8670005D391A /* Login */,
			);
			path = Screens;
			sourceTree = "<group>";
		};
		A52FD90A25AF59290052F9C6 /* Launch */ = {
			isa = PBXGroup;
			children = (
				A55B25B42594A27700676326 /* LaunchScreen.storyboard */,
			);
			path = Launch;
			sourceTree = "<group>";
		};
		A55B259D2594A27400676326 = {
			isa = PBXGroup;
			children = (
				A55B25A82594A27400676326 /* gb_second */,
				A55B25A72594A27400676326 /* Products */,
			);
			sourceTree = "<group>";
		};
		A55B25A72594A27400676326 /* Products */ = {
			isa = PBXGroup;
			children = (
				A55B25A62594A27400676326 /* gb_second.app */,
			);
			name = Products;
			sourceTree = "<group>";
		};
		A55B25A82594A27400676326 /* gb_second */ = {
			isa = PBXGroup;
			children = (
				A52FD90925AF58E30052F9C6 /* Screens */,
				A52FD90725AF588E0052F9C6 /* Core */,
				A523CCA225AC970A00A81336 /* Models */,
				A55B25B22594A27700676326 /* Assets.xcassets */,
				A55B25B72594A27700676326 /* Info.plist */,
			);
			path = gb_second;
			sourceTree = "<group>";
		};
		A58CA163259B41AE006C5723 /* Cell */ = {
			isa = PBXGroup;
			children = (
				A58CA164259B41F6006C5723 /* UserFriendsCell.swift */,
			);
			path = Cell;
			sourceTree = "<group>";
		};
		A591A33A25AF896D00E9C8C9 /* Colors */ = {
			isa = PBXGroup;
			children = (
				A591A33B25AF899B00E9C8C9 /* HEXColorExtension.swift */,
			);
			path = Colors;
			sourceTree = "<group>";
		};
		A591A33F25B0ABE500E9C8C9 /* Components */ = {
			isa = PBXGroup;
			children = (
				A591A34025B0AC1800E9C8C9 /* CustomTextField.swift */,
				A5EBD83625B2D63E00DE7E2C /* CharacterPicker.swift */,
				A5EBD83D25B477F800DE7E2C /* ShadowImageView.swift */,
				A5EBD84025B4819900DE7E2C /* LikeControlPanel.swift */,
			);
			path = Components;
			sourceTree = "<group>";
		};
		A591A34425B0C04400E9C8C9 /* Utilities */ = {
			isa = PBXGroup;
			children = (
				A591A34525B0C06900E9C8C9 /* Utilities.swift */,
			);
			path = Utilities;
			sourceTree = "<group>";
		};
		A592F5D025A3ADE200723C68 /* Collection */ = {
			isa = PBXGroup;
			children = (
				A592F5D225A3B17400723C68 /* FriendDetailCollection.swift */,
			);
			path = Collection;
			sourceTree = "<group>";
		};
		A592F5D825A493D100723C68 /* Cell */ = {
			isa = PBXGroup;
			children = (
				A592F5D925A4942A00723C68 /* GlobalGroupCell.swift */,
			);
			path = Cell;
			sourceTree = "<group>";
		};
		A592F5DE25A51D6100723C68 /* Cell */ = {
			isa = PBXGroup;
			children = (
				A592F5DF25A51D8F00723C68 /* UserGroupCell.swift */,
			);
			path = Cell;
			sourceTree = "<group>";
		};
		A5E20D3F259F808D000C74E5 /* Main */ = {
			isa = PBXGroup;
			children = (
				A5087E2C259A8005005D391A /* Main.storyboard */,
			);
			path = Main;
			sourceTree = "<group>";
		};
/* End PBXGroup section */

/* Begin PBXNativeTarget section */
		A55B25A52594A27400676326 /* gb_second */ = {
			isa = PBXNativeTarget;
			buildConfigurationList = A55B25BA2594A27700676326 /* Build configuration list for PBXNativeTarget "gb_second" */;
			buildPhases = (
				A55B25A22594A27400676326 /* Sources */,
				A55B25A32594A27400676326 /* Frameworks */,
				A55B25A42594A27400676326 /* Resources */,
			);
			buildRules = (
			);
			dependencies = (
			);
			name = gb_second;
			productName = gb_second;
			productReference = A55B25A62594A27400676326 /* gb_second.app */;
			productType = "com.apple.product-type.application";
		};
/* End PBXNativeTarget section */

/* Begin PBXProject section */
		A55B259E2594A27400676326 /* Project object */ = {
			isa = PBXProject;
			attributes = {
				LastSwiftUpdateCheck = 1230;
				LastUpgradeCheck = 1230;
				TargetAttributes = {
					A55B25A52594A27400676326 = {
						CreatedOnToolsVersion = 12.3;
					};
				};
			};
			buildConfigurationList = A55B25A12594A27400676326 /* Build configuration list for PBXProject "gb_second" */;
			compatibilityVersion = "Xcode 9.3";
			developmentRegion = en;
			hasScannedForEncodings = 0;
			knownRegions = (
				en,
				Base,
			);
			mainGroup = A55B259D2594A27400676326;
			productRefGroup = A55B25A72594A27400676326 /* Products */;
			projectDirPath = "";
			projectRoot = "";
			targets = (
				A55B25A52594A27400676326 /* gb_second */,
			);
		};
/* End PBXProject section */

/* Begin PBXResourcesBuildPhase section */
		A55B25A42594A27400676326 /* Resources */ = {
			isa = PBXResourcesBuildPhase;
			buildActionMask = 2147483647;
			files = (
				A5087E27259A7DBA005D391A /* UserGroups.storyboard in Resources */,
				A5087E24259A7DA9005D391A /* UserFriends.storyboard in Resources */,
				A55B25B62594A27700676326 /* LaunchScreen.storyboard in Resources */,
				A5087E3A259A862A005D391A /* GroupsGlobalSearch.storyboard in Resources */,
				A5087E2D259A8005005D391A /* Main.storyboard in Resources */,
				A55B25B32594A27700676326 /* Assets.xcassets in Resources */,
				A5087E35259A8518005D391A /* FriendDetail.storyboard in Resources */,
				A55B25B12594A27400676326 /* Login.storyboard in Resources */,
			);
			runOnlyForDeploymentPostprocessing = 0;
		};
/* End PBXResourcesBuildPhase section */

/* Begin PBXSourcesBuildPhase section */
		A55B25A22594A27400676326 /* Sources */ = {
			isa = PBXSourcesBuildPhase;
			buildActionMask = 2147483647;
			files = (
				A523CCA425AC972300A81336 /* UserModel.swift in Sources */,
				A5EBD83725B2D63E00DE7E2C /* CharacterPicker.swift in Sources */,
				A523CCA925AC974D00A81336 /* GroupModel.swift in Sources */,
				A5EBD83E25B477F800DE7E2C /* ShadowImageView.swift in Sources */,
				A55B25AE2594A27400676326 /* LoginVC.swift in Sources */,
				A5087E18259A7B9E005D391A /* UserGroupsVC.swift in Sources */,
				A591A34125B0AC1800E9C8C9 /* CustomTextField.swift in Sources */,
				A58CA165259B41F6006C5723 /* UserFriendsCell.swift in Sources */,
				A591A34625B0C06900E9C8C9 /* Utilities.swift in Sources */,
				A55B25AA2594A27400676326 /* AppDelegate.swift in Sources */,
				A5087E21259A7CB3005D391A /* FriendDetailVC.swift in Sources */,
				A5EBD84125B4819900DE7E2C /* LikeControlPanel.swift in Sources */,
				A592F5DA25A4942A00723C68 /* GlobalGroupCell.swift in Sources */,
				A5087E1E259A7C25005D391A /* UserFriendsVC.swift in Sources */,
				A518F5BE25A52B7C00F38104 /* TableVCExtension.swift in Sources */,
				A592F5E025A51D8F00723C68 /* UserGroupCell.swift in Sources */,
				A591A33C25AF899B00E9C8C9 /* HEXColorExtension.swift in Sources */,
				A55B25AC2594A27400676326 /* SceneDelegate.swift in Sources */,
				A592F5D325A3B17400723C68 /* FriendDetailCollection.swift in Sources */,
				A5087E1B259A7BFF005D391A /* GroupsGlobalSearchVC.swift in Sources */,
			);
			runOnlyForDeploymentPostprocessing = 0;
		};
/* End PBXSourcesBuildPhase section */

/* Begin PBXVariantGroup section */
		A55B25AF2594A27400676326 /* Login.storyboard */ = {
			isa = PBXVariantGroup;
			children = (
				A55B25B02594A27400676326 /* Base */,
			);
			name = Login.storyboard;
			sourceTree = "<group>";
		};
		A55B25B42594A27700676326 /* LaunchScreen.storyboard */ = {
			isa = PBXVariantGroup;
			children = (
				A55B25B52594A27700676326 /* Base */,
			);
			name = LaunchScreen.storyboard;
			sourceTree = "<group>";
		};
/* End PBXVariantGroup section */

/* Begin XCBuildConfiguration section */
		A55B25B82594A27700676326 /* Debug */ = {
			isa = XCBuildConfiguration;
			buildSettings = {
				ALWAYS_SEARCH_USER_PATHS = NO;
				CLANG_ANALYZER_NONNULL = YES;
				CLANG_ANALYZER_NUMBER_OBJECT_CONVERSION = YES_AGGRESSIVE;
				CLANG_CXX_LANGUAGE_STANDARD = "gnu++14";
				CLANG_CXX_LIBRARY = "libc++";
				CLANG_ENABLE_MODULES = YES;
				CLANG_ENABLE_OBJC_ARC = YES;
				CLANG_ENABLE_OBJC_WEAK = YES;
				CLANG_WARN_BLOCK_CAPTURE_AUTORELEASING = YES;
				CLANG_WARN_BOOL_CONVERSION = YES;
				CLANG_WARN_COMMA = YES;
				CLANG_WARN_CONSTANT_CONVERSION = YES;
				CLANG_WARN_DEPRECATED_OBJC_IMPLEMENTATIONS = YES;
				CLANG_WARN_DIRECT_OBJC_ISA_USAGE = YES_ERROR;
				CLANG_WARN_DOCUMENTATION_COMMENTS = YES;
				CLANG_WARN_EMPTY_BODY = YES;
				CLANG_WARN_ENUM_CONVERSION = YES;
				CLANG_WARN_INFINITE_RECURSION = YES;
				CLANG_WARN_INT_CONVERSION = YES;
				CLANG_WARN_NON_LITERAL_NULL_CONVERSION = YES;
				CLANG_WARN_OBJC_IMPLICIT_RETAIN_SELF = YES;
				CLANG_WARN_OBJC_LITERAL_CONVERSION = YES;
				CLANG_WARN_OBJC_ROOT_CLASS = YES_ERROR;
				CLANG_WARN_QUOTED_INCLUDE_IN_FRAMEWORK_HEADER = YES;
				CLANG_WARN_RANGE_LOOP_ANALYSIS = YES;
				CLANG_WARN_STRICT_PROTOTYPES = YES;
				CLANG_WARN_SUSPICIOUS_MOVE = YES;
				CLANG_WARN_UNGUARDED_AVAILABILITY = YES_AGGRESSIVE;
				CLANG_WARN_UNREACHABLE_CODE = YES;
				CLANG_WARN__DUPLICATE_METHOD_MATCH = YES;
				COPY_PHASE_STRIP = NO;
				DEBUG_INFORMATION_FORMAT = dwarf;
				ENABLE_STRICT_OBJC_MSGSEND = YES;
				ENABLE_TESTABILITY = YES;
				GCC_C_LANGUAGE_STANDARD = gnu11;
				GCC_DYNAMIC_NO_PIC = NO;
				GCC_NO_COMMON_BLOCKS = YES;
				GCC_OPTIMIZATION_LEVEL = 0;
				GCC_PREPROCESSOR_DEFINITIONS = (
					"DEBUG=1",
					"$(inherited)",
				);
				GCC_WARN_64_TO_32_BIT_CONVERSION = YES;
				GCC_WARN_ABOUT_RETURN_TYPE = YES_ERROR;
				GCC_WARN_UNDECLARED_SELECTOR = YES;
				GCC_WARN_UNINITIALIZED_AUTOS = YES_AGGRESSIVE;
				GCC_WARN_UNUSED_FUNCTION = YES;
				GCC_WARN_UNUSED_VARIABLE = YES;
				IPHONEOS_DEPLOYMENT_TARGET = 14.3;
				MTL_ENABLE_DEBUG_INFO = INCLUDE_SOURCE;
				MTL_FAST_MATH = YES;
				ONLY_ACTIVE_ARCH = YES;
				SDKROOT = iphoneos;
				SWIFT_ACTIVE_COMPILATION_CONDITIONS = DEBUG;
				SWIFT_OPTIMIZATION_LEVEL = "-Onone";
			};
			name = Debug;
		};
		A55B25B92594A27700676326 /* Release */ = {
			isa = XCBuildConfiguration;
			buildSettings = {
				ALWAYS_SEARCH_USER_PATHS = NO;
				CLANG_ANALYZER_NONNULL = YES;
				CLANG_ANALYZER_NUMBER_OBJECT_CONVERSION = YES_AGGRESSIVE;
				CLANG_CXX_LANGUAGE_STANDARD = "gnu++14";
				CLANG_CXX_LIBRARY = "libc++";
				CLANG_ENABLE_MODULES = YES;
				CLANG_ENABLE_OBJC_ARC = YES;
				CLANG_ENABLE_OBJC_WEAK = YES;
				CLANG_WARN_BLOCK_CAPTURE_AUTORELEASING = YES;
				CLANG_WARN_BOOL_CONVERSION = YES;
				CLANG_WARN_COMMA = YES;
				CLANG_WARN_CONSTANT_CONVERSION = YES;
				CLANG_WARN_DEPRECATED_OBJC_IMPLEMENTATIONS = YES;
				CLANG_WARN_DIRECT_OBJC_ISA_USAGE = YES_ERROR;
				CLANG_WARN_DOCUMENTATION_COMMENTS = YES;
				CLANG_WARN_EMPTY_BODY = YES;
				CLANG_WARN_ENUM_CONVERSION = YES;
				CLANG_WARN_INFINITE_RECURSION = YES;
				CLANG_WARN_INT_CONVERSION = YES;
				CLANG_WARN_NON_LITERAL_NULL_CONVERSION = YES;
				CLANG_WARN_OBJC_IMPLICIT_RETAIN_SELF = YES;
				CLANG_WARN_OBJC_LITERAL_CONVERSION = YES;
				CLANG_WARN_OBJC_ROOT_CLASS = YES_ERROR;
				CLANG_WARN_QUOTED_INCLUDE_IN_FRAMEWORK_HEADER = YES;
				CLANG_WARN_RANGE_LOOP_ANALYSIS = YES;
				CLANG_WARN_STRICT_PROTOTYPES = YES;
				CLANG_WARN_SUSPICIOUS_MOVE = YES;
				CLANG_WARN_UNGUARDED_AVAILABILITY = YES_AGGRESSIVE;
				CLANG_WARN_UNREACHABLE_CODE = YES;
				CLANG_WARN__DUPLICATE_METHOD_MATCH = YES;
				COPY_PHASE_STRIP = NO;
				DEBUG_INFORMATION_FORMAT = "dwarf-with-dsym";
				ENABLE_NS_ASSERTIONS = NO;
				ENABLE_STRICT_OBJC_MSGSEND = YES;
				GCC_C_LANGUAGE_STANDARD = gnu11;
				GCC_NO_COMMON_BLOCKS = YES;
				GCC_WARN_64_TO_32_BIT_CONVERSION = YES;
				GCC_WARN_ABOUT_RETURN_TYPE = YES_ERROR;
				GCC_WARN_UNDECLARED_SELECTOR = YES;
				GCC_WARN_UNINITIALIZED_AUTOS = YES_AGGRESSIVE;
				GCC_WARN_UNUSED_FUNCTION = YES;
				GCC_WARN_UNUSED_VARIABLE = YES;
				IPHONEOS_DEPLOYMENT_TARGET = 14.3;
				MTL_ENABLE_DEBUG_INFO = NO;
				MTL_FAST_MATH = YES;
				SDKROOT = iphoneos;
				SWIFT_COMPILATION_MODE = wholemodule;
				SWIFT_OPTIMIZATION_LEVEL = "-O";
				VALIDATE_PRODUCT = YES;
			};
			name = Release;
		};
		A55B25BB2594A27700676326 /* Debug */ = {
			isa = XCBuildConfiguration;
			buildSettings = {
				ASSETCATALOG_COMPILER_APPICON_NAME = AppIcon;
				ASSETCATALOG_COMPILER_GLOBAL_ACCENT_COLOR_NAME = AccentColor;
				CODE_SIGN_STYLE = Automatic;
				DEVELOPMENT_TEAM = LP6DZ5N5Y4;
				INFOPLIST_FILE = gb_second/Info.plist;
				IPHONEOS_DEPLOYMENT_TARGET = 13.0;
				LD_RUNPATH_SEARCH_PATHS = (
					"$(inherited)",
					"@executable_path/Frameworks",
				);
				PRODUCT_BUNDLE_IDENTIFIER = "com.teenytimmy.gb-second";
				PRODUCT_NAME = "$(TARGET_NAME)";
				SWIFT_VERSION = 5.0;
				TARGETED_DEVICE_FAMILY = "1,2";
			};
			name = Debug;
		};
		A55B25BC2594A27700676326 /* Release */ = {
			isa = XCBuildConfiguration;
			buildSettings = {
				ASSETCATALOG_COMPILER_APPICON_NAME = AppIcon;
				ASSETCATALOG_COMPILER_GLOBAL_ACCENT_COLOR_NAME = AccentColor;
				CODE_SIGN_STYLE = Automatic;
				DEVELOPMENT_TEAM = LP6DZ5N5Y4;
				INFOPLIST_FILE = gb_second/Info.plist;
				IPHONEOS_DEPLOYMENT_TARGET = 13.0;
				LD_RUNPATH_SEARCH_PATHS = (
					"$(inherited)",
					"@executable_path/Frameworks",
				);
				PRODUCT_BUNDLE_IDENTIFIER = "com.teenytimmy.gb-second";
				PRODUCT_NAME = "$(TARGET_NAME)";
				SWIFT_VERSION = 5.0;
				TARGETED_DEVICE_FAMILY = "1,2";
			};
			name = Release;
		};
/* End XCBuildConfiguration section */

/* Begin XCConfigurationList section */
		A55B25A12594A27400676326 /* Build configuration list for PBXProject "gb_second" */ = {
			isa = XCConfigurationList;
			buildConfigurations = (
				A55B25B82594A27700676326 /* Debug */,
				A55B25B92594A27700676326 /* Release */,
			);
			defaultConfigurationIsVisible = 0;
			defaultConfigurationName = Release;
		};
		A55B25BA2594A27700676326 /* Build configuration list for PBXNativeTarget "gb_second" */ = {
			isa = XCConfigurationList;
			buildConfigurations = (
				A55B25BB2594A27700676326 /* Debug */,
				A55B25BC2594A27700676326 /* Release */,
			);
			defaultConfigurationIsVisible = 0;
			defaultConfigurationName = Release;
		};
/* End XCConfigurationList section */
	};
	rootObject = A55B259E2594A27400676326 /* Project object */;
}
